
Microsoft Visual Studio Solution File, Format Version 12.00
# Visual Studio Version 16
VisualStudioVersion = 16.0.30114.105
MinimumVisualStudioVersion = 10.0.40219.1
Project("{FAE04EC0-301F-11D3-BF4B-00C04F79EFBC}") = "API", "API\API.csproj", "{FEEFA4BD-6A6E-4B83-982D-EBE35DC27680}"
EndProject
Project("{FAE04EC0-301F-11D3-BF4B-00C04F79EFBC}") = "Core", "Core\Core.csproj", "{0D97A580-0178-486D-8663-76D46E411E63}"
EndProject
Project("{FAE04EC0-301F-11D3-BF4B-00C04F79EFBC}") = "Infrastruture", "Infrastruture\Infrastruture.csproj", "{4683F7B8-CA35-446B-A523-C921EEF1C64F}"
EndProject
Global
	GlobalSection(SolutionConfigurationPlatforms) = preSolution
		Debug|Any CPU = Debug|Any CPU
		Debug|x64 = Debug|x64
		Debug|x86 = Debug|x86
		Release|Any CPU = Release|Any CPU
		Release|x64 = Release|x64
		Release|x86 = Release|x86
	EndGlobalSection
	GlobalSection(SolutionProperties) = preSolution
		HideSolutionNode = FALSE
	EndGlobalSection
	GlobalSection(ProjectConfigurationPlatforms) = postSolution
		{FEEFA4BD-6A6E-4B83-982D-EBE35DC27680}.Debug|Any CPU.ActiveCfg = Debug|Any CPU
		{FEEFA4BD-6A6E-4B83-982D-EBE35DC27680}.Debug|Any CPU.Build.0 = Debug|Any CPU
		{FEEFA4BD-6A6E-4B83-982D-EBE35DC27680}.Debug|x64.ActiveCfg = Debug|Any CPU
		{FEEFA4BD-6A6E-4B83-982D-EBE35DC27680}.Debug|x64.Build.0 = Debug|Any CPU
		{FEEFA4BD-6A6E-4B83-982D-EBE35DC27680}.Debug|x86.ActiveCfg = Debug|Any CPU
		{FEEFA4BD-6A6E-4B83-982D-EBE35DC27680}.Debug|x86.Build.0 = Debug|Any CPU
		{FEEFA4BD-6A6E-4B83-982D-EBE35DC27680}.Release|Any CPU.ActiveCfg = Release|Any CPU
		{FEEFA4BD-6A6E-4B83-982D-EBE35DC27680}.Release|Any CPU.Build.0 = Release|Any CPU
		{FEEFA4BD-6A6E-4B83-982D-EBE35DC27680}.Release|x64.ActiveCfg = Release|Any CPU
		{FEEFA4BD-6A6E-4B83-982D-EBE35DC27680}.Release|x64.Build.0 = Release|Any CPU
		{FEEFA4BD-6A6E-4B83-982D-EBE35DC27680}.Release|x86.ActiveCfg = Release|Any CPU
		{FEEFA4BD-6A6E-4B83-982D-EBE35DC27680}.Release|x86.Build.0 = Release|Any CPU
		{0D97A580-0178-486D-8663-76D46E411E63}.Debug|Any CPU.ActiveCfg = Debug|Any CPU
		{0D97A580-0178-486D-8663-76D46E411E63}.Debug|Any CPU.Build.0 = Debug|Any CPU
		{0D97A580-0178-486D-8663-76D46E411E63}.Debug|x64.ActiveCfg = Debug|Any CPU
		{0D97A580-0178-486D-8663-76D46E411E63}.Debug|x64.Build.0 = Debug|Any CPU
		{0D97A580-0178-486D-8663-76D46E411E63}.Debug|x86.ActiveCfg = Debug|Any CPU
		{0D97A580-0178-486D-8663-76D46E411E63}.Debug|x86.Build.0 = Debug|Any CPU
		{0D97A580-0178-486D-8663-76D46E411E63}.Release|Any CPU.ActiveCfg = Release|Any CPU
		{0D97A580-0178-486D-8663-76D46E411E63}.Release|Any CPU.Build.0 = Release|Any CPU
		{0D97A580-0178-486D-8663-76D46E411E63}.Release|x64.ActiveCfg = Release|Any CPU
		{0D97A580-0178-486D-8663-76D46E411E63}.Release|x64.Build.0 = Release|Any CPU
		{0D97A580-0178-486D-8663-76D46E411E63}.Release|x86.ActiveCfg = Release|Any CPU
		{0D97A580-0178-486D-8663-76D46E411E63}.Release|x86.Build.0 = Release|Any CPU
		{4683F7B8-CA35-446B-A523-C921EEF1C64F}.Debug|Any CPU.ActiveCfg = Debug|Any CPU
		{4683F7B8-CA35-446B-A523-C921EEF1C64F}.Debug|Any CPU.Build.0 = Debug|Any CPU
		{4683F7B8-CA35-446B-A523-C921EEF1C64F}.Debug|x64.ActiveCfg = Debug|Any CPU
		{4683F7B8-CA35-446B-A523-C921EEF1C64F}.Debug|x64.Build.0 = Debug|Any CPU
		{4683F7B8-CA35-446B-A523-C921EEF1C64F}.Debug|x86.ActiveCfg = Debug|Any CPU
		{4683F7B8-CA35-446B-A523-C921EEF1C64F}.Debug|x86.Build.0 = Debug|Any CPU
		{4683F7B8-CA35-446B-A523-C921EEF1C64F}.Release|Any CPU.ActiveCfg = Release|Any CPU
		{4683F7B8-CA35-446B-A523-C921EEF1C64F}.Release|Any CPU.Build.0 = Release|Any CPU
		{4683F7B8-CA35-446B-A523-C921EEF1C64F}.Release|x64.ActiveCfg = Release|Any CPU
		{4683F7B8-CA35-446B-A523-C921EEF1C64F}.Release|x64.Build.0 = Release|Any CPU
		{4683F7B8-CA35-446B-A523-C921EEF1C64F}.Release|x86.ActiveCfg = Release|Any CPU
		{4683F7B8-CA35-446B-A523-C921EEF1C64F}.Release|x86.Build.0 = Release|Any CPU
	EndGlobalSection
EndGlobal
